// !$*UTF8*$!
{
	archiveVersion = 1;
	classes = {
	};
	objectVersion = 50;
	objects = {

/* Begin PBXBuildFile section */
		C086FA0622E57BBE002BF3F6 /* AdViewCell.xib in Resources */ = {isa = PBXBuildFile; fileRef = C086F9E722E57BBC002BF3F6 /* AdViewCell.xib */; };
		C086FA0722E57BBE002BF3F6 /* AdViewWrapperFeaturedCell.xib in Resources */ = {isa = PBXBuildFile; fileRef = C086F9E822E57BBC002BF3F6 /* AdViewWrapperFeaturedCell.xib */; };
		C086FA0822E57BBE002BF3F6 /* LoadAdmobNativeAdvTask.swift in Sources */ = {isa = PBXBuildFile; fileRef = C086F9E922E57BBD002BF3F6 /* LoadAdmobNativeAdvTask.swift */; };
		C086FA0922E57BBE002BF3F6 /* FBNativeBannerAdView.xib in Resources */ = {isa = PBXBuildFile; fileRef = C086F9EA22E57BBD002BF3F6 /* FBNativeBannerAdView.xib */; };
		C086FA0A22E57BBE002BF3F6 /* InterstitialAdType.swift in Sources */ = {isa = PBXBuildFile; fileRef = C086F9EB22E57BBD002BF3F6 /* InterstitialAdType.swift */; };
		C086FA0B22E57BBE002BF3F6 /* FbNativeAdViewShowThread.xib in Resources */ = {isa = PBXBuildFile; fileRef = C086F9EC22E57BBD002BF3F6 /* FbNativeAdViewShowThread.xib */; };
		C086FA0C22E57BBE002BF3F6 /* AdCompat.swift in Sources */ = {isa = PBXBuildFile; fileRef = C086F9ED22E57BBD002BF3F6 /* AdCompat.swift */; };
		C086FA0D22E57BBE002BF3F6 /* LoadDfpInterstitialAdTask.swift in Sources */ = {isa = PBXBuildFile; fileRef = C086F9EE22E57BBD002BF3F6 /* LoadDfpInterstitialAdTask.swift */; };
		C086FA0E22E57BBE002BF3F6 /* LoadInterstitialAdTask.swift in Sources */ = {isa = PBXBuildFile; fileRef = C086F9EF22E57BBD002BF3F6 /* LoadInterstitialAdTask.swift */; };
		C086FA0F22E57BBE002BF3F6 /* LoadFbNativeAdTask.swift in Sources */ = {isa = PBXBuildFile; fileRef = C086F9F022E57BBD002BF3F6 /* LoadFbNativeAdTask.swift */; };
		C086FA1022E57BBE002BF3F6 /* LoadAdMobInterstitialAdTask.swift in Sources */ = {isa = PBXBuildFile; fileRef = C086F9F122E57BBD002BF3F6 /* LoadAdMobInterstitialAdTask.swift */; };
		C086FA1122E57BBE002BF3F6 /* AdmobNativeAdViewFeatured.xib in Resources */ = {isa = PBXBuildFile; fileRef = C086F9F222E57BBD002BF3F6 /* AdmobNativeAdViewFeatured.xib */; };
		C086FA1222E57BBE002BF3F6 /* AdmobNativeAdView.swift in Sources */ = {isa = PBXBuildFile; fileRef = C086F9F322E57BBD002BF3F6 /* AdmobNativeAdView.swift */; };
		C086FA1322E57BBE002BF3F6 /* AdType.swift in Sources */ = {isa = PBXBuildFile; fileRef = C086F9F422E57BBD002BF3F6 /* AdType.swift */; };
		C086FA1422E57BBE002BF3F6 /* AdmobNativeAdViewShowThread.xib in Resources */ = {isa = PBXBuildFile; fileRef = C086F9F522E57BBD002BF3F6 /* AdmobNativeAdViewShowThread.xib */; };
		C086FA1522E57BBE002BF3F6 /* AdUtils.swift in Sources */ = {isa = PBXBuildFile; fileRef = C086F9F622E57BBD002BF3F6 /* AdUtils.swift */; };
		C086FA1622E57BBE002BF3F6 /* AdmobNativeAdViewForumdisplay.xib in Resources */ = {isa = PBXBuildFile; fileRef = C086F9F722E57BBD002BF3F6 /* AdmobNativeAdViewForumdisplay.xib */; };
		C086FA1722E57BBE002BF3F6 /* AdViewRecycler.swift in Sources */ = {isa = PBXBuildFile; fileRef = C086F9F822E57BBD002BF3F6 /* AdViewRecycler.swift */; };
		C086FA1822E57BBE002BF3F6 /* AdViewWrapperShowThreadCell.xib in Resources */ = {isa = PBXBuildFile; fileRef = C086F9F922E57BBD002BF3F6 /* AdViewWrapperShowThreadCell.xib */; };
		C086FA1922E57BBE002BF3F6 /* LoadAdTaskDelegate.swift in Sources */ = {isa = PBXBuildFile; fileRef = C086F9FA22E57BBD002BF3F6 /* LoadAdTaskDelegate.swift */; };
		C086FA1A22E57BBE002BF3F6 /* FbNativeAdViewFeatured.xib in Resources */ = {isa = PBXBuildFile; fileRef = C086F9FB22E57BBD002BF3F6 /* FbNativeAdViewFeatured.xib */; };
		C086FA1B22E57BBE002BF3F6 /* LoadCSATask.swift in Sources */ = {isa = PBXBuildFile; fileRef = C086F9FC22E57BBD002BF3F6 /* LoadCSATask.swift */; };
		C086FA1C22E57BBE002BF3F6 /* LoadFbInterstitialAdTask.swift in Sources */ = {isa = PBXBuildFile; fileRef = C086F9FD22E57BBD002BF3F6 /* LoadFbInterstitialAdTask.swift */; };
		C086FA1D22E57BBE002BF3F6 /* AdRecycler.swift in Sources */ = {isa = PBXBuildFile; fileRef = C086F9FE22E57BBD002BF3F6 /* AdRecycler.swift */; };
		C086FA1E22E57BBE002BF3F6 /* FBNativeAdView.swift in Sources */ = {isa = PBXBuildFile; fileRef = C086F9FF22E57BBD002BF3F6 /* FBNativeAdView.swift */; };
		C086FA1F22E57BBE002BF3F6 /* InterstitialAdManager.swift in Sources */ = {isa = PBXBuildFile; fileRef = C086FA0022E57BBE002BF3F6 /* InterstitialAdManager.swift */; };
		C086FA2022E57BBE002BF3F6 /* InterstitialAdListener.swift in Sources */ = {isa = PBXBuildFile; fileRef = C086FA0122E57BBE002BF3F6 /* InterstitialAdListener.swift */; };
		C086FA2122E57BBE002BF3F6 /* AdViewCell.swift in Sources */ = {isa = PBXBuildFile; fileRef = C086FA0222E57BBE002BF3F6 /* AdViewCell.swift */; };
		C086FA2222E57BBE002BF3F6 /* LoadAdTaskAdapter.swift in Sources */ = {isa = PBXBuildFile; fileRef = C086FA0322E57BBE002BF3F6 /* LoadAdTaskAdapter.swift */; };
		C086FA2322E57BBE002BF3F6 /* LoadAdTask.swift in Sources */ = {isa = PBXBuildFile; fileRef = C086FA0422E57BBE002BF3F6 /* LoadAdTask.swift */; };
		C086FA2422E57BBE002BF3F6 /* LoadDfpBannerAdTask.swift in Sources */ = {isa = PBXBuildFile; fileRef = C086FA0522E57BBE002BF3F6 /* LoadDfpBannerAdTask.swift */; };
		C086FA2622E57BD2002BF3F6 /* XibView.swift in Sources */ = {isa = PBXBuildFile; fileRef = C086FA2522E57BD1002BF3F6 /* XibView.swift */; };
		C086FA2822E57BDA002BF3F6 /* UIView+Extension.swift in Sources */ = {isa = PBXBuildFile; fileRef = C086FA2722E57BDA002BF3F6 /* UIView+Extension.swift */; };
		C09E482022E5713B00BF37B6 /* iOSCommon.framework in Frameworks */ = {isa = PBXBuildFile; fileRef = C09E481622E5713B00BF37B6 /* iOSCommon.framework */; };
		C09E482522E5713B00BF37B6 /* iOSCommonTests.swift in Sources */ = {isa = PBXBuildFile; fileRef = C09E482422E5713B00BF37B6 /* iOSCommonTests.swift */; };
		C09E482722E5713B00BF37B6 /* iOSCommon.h in Headers */ = {isa = PBXBuildFile; fileRef = C09E481922E5713B00BF37B6 /* iOSCommon.h */; settings = {ATTRIBUTES = (Public, ); }; };
		F1169D9E6DA9C7C3BEFB76B3 /* Pods_iOSCommon.framework in Frameworks */ = {isa = PBXBuildFile; fileRef = 7940830095FF903CE9368274 /* Pods_iOSCommon.framework */; };
/* End PBXBuildFile section */

/* Begin PBXContainerItemProxy section */
		C09E482122E5713B00BF37B6 /* PBXContainerItemProxy */ = {
			isa = PBXContainerItemProxy;
			containerPortal = C09E480D22E5713A00BF37B6 /* Project object */;
			proxyType = 1;
			remoteGlobalIDString = C09E481522E5713B00BF37B6;
			remoteInfo = iOSCommon;
		};
/* End PBXContainerItemProxy section */

/* Begin PBXFileReference section */
		58D3B83298FA2CEBAFCFECAE /* Pods-iOSCommon.debug.xcconfig */ = {isa = PBXFileReference; includeInIndex = 1; lastKnownFileType = text.xcconfig; name = "Pods-iOSCommon.debug.xcconfig"; path = "Target Support Files/Pods-iOSCommon/Pods-iOSCommon.debug.xcconfig"; sourceTree = "<group>"; };
		7940830095FF903CE9368274 /* Pods_iOSCommon.framework */ = {isa = PBXFileReference; explicitFileType = wrapper.framework; includeInIndex = 0; path = Pods_iOSCommon.framework; sourceTree = BUILT_PRODUCTS_DIR; };
		B0A8FFEA2C114B9B4D8C7843 /* Pods-iOSCommon.release.xcconfig */ = {isa = PBXFileReference; includeInIndex = 1; lastKnownFileType = text.xcconfig; name = "Pods-iOSCommon.release.xcconfig"; path = "Target Support Files/Pods-iOSCommon/Pods-iOSCommon.release.xcconfig"; sourceTree = "<group>"; };
		C086F9E722E57BBC002BF3F6 /* AdViewCell.xib */ = {isa = PBXFileReference; fileEncoding = 4; lastKnownFileType = file.xib; path = AdViewCell.xib; sourceTree = "<group>"; };
		C086F9E822E57BBC002BF3F6 /* AdViewWrapperFeaturedCell.xib */ = {isa = PBXFileReference; fileEncoding = 4; lastKnownFileType = file.xib; path = AdViewWrapperFeaturedCell.xib; sourceTree = "<group>"; };
		C086F9E922E57BBD002BF3F6 /* LoadAdmobNativeAdvTask.swift */ = {isa = PBXFileReference; fileEncoding = 4; lastKnownFileType = sourcecode.swift; path = LoadAdmobNativeAdvTask.swift; sourceTree = "<group>"; };
		C086F9EA22E57BBD002BF3F6 /* FBNativeBannerAdView.xib */ = {isa = PBXFileReference; fileEncoding = 4; lastKnownFileType = file.xib; path = FBNativeBannerAdView.xib; sourceTree = "<group>"; };
		C086F9EB22E57BBD002BF3F6 /* InterstitialAdType.swift */ = {isa = PBXFileReference; fileEncoding = 4; lastKnownFileType = sourcecode.swift; path = InterstitialAdType.swift; sourceTree = "<group>"; };
		C086F9EC22E57BBD002BF3F6 /* FbNativeAdViewShowThread.xib */ = {isa = PBXFileReference; fileEncoding = 4; lastKnownFileType = file.xib; path = FbNativeAdViewShowThread.xib; sourceTree = "<group>"; };
		C086F9ED22E57BBD002BF3F6 /* AdCompat.swift */ = {isa = PBXFileReference; fileEncoding = 4; lastKnownFileType = sourcecode.swift; path = AdCompat.swift; sourceTree = "<group>"; };
		C086F9EE22E57BBD002BF3F6 /* LoadDfpInterstitialAdTask.swift */ = {isa = PBXFileReference; fileEncoding = 4; lastKnownFileType = sourcecode.swift; path = LoadDfpInterstitialAdTask.swift; sourceTree = "<group>"; };
		C086F9EF22E57BBD002BF3F6 /* LoadInterstitialAdTask.swift */ = {isa = PBXFileReference; fileEncoding = 4; lastKnownFileType = sourcecode.swift; path = LoadInterstitialAdTask.swift; sourceTree = "<group>"; };
		C086F9F022E57BBD002BF3F6 /* LoadFbNativeAdTask.swift */ = {isa = PBXFileReference; fileEncoding = 4; lastKnownFileType = sourcecode.swift; path = LoadFbNativeAdTask.swift; sourceTree = "<group>"; };
		C086F9F122E57BBD002BF3F6 /* LoadAdMobInterstitialAdTask.swift */ = {isa = PBXFileReference; fileEncoding = 4; lastKnownFileType = sourcecode.swift; path = LoadAdMobInterstitialAdTask.swift; sourceTree = "<group>"; };
		C086F9F222E57BBD002BF3F6 /* AdmobNativeAdViewFeatured.xib */ = {isa = PBXFileReference; fileEncoding = 4; lastKnownFileType = file.xib; path = AdmobNativeAdViewFeatured.xib; sourceTree = "<group>"; };
		C086F9F322E57BBD002BF3F6 /* AdmobNativeAdView.swift */ = {isa = PBXFileReference; fileEncoding = 4; lastKnownFileType = sourcecode.swift; path = AdmobNativeAdView.swift; sourceTree = "<group>"; };
		C086F9F422E57BBD002BF3F6 /* AdType.swift */ = {isa = PBXFileReference; fileEncoding = 4; lastKnownFileType = sourcecode.swift; path = AdType.swift; sourceTree = "<group>"; };
		C086F9F522E57BBD002BF3F6 /* AdmobNativeAdViewShowThread.xib */ = {isa = PBXFileReference; fileEncoding = 4; lastKnownFileType = file.xib; path = AdmobNativeAdViewShowThread.xib; sourceTree = "<group>"; };
		C086F9F622E57BBD002BF3F6 /* AdUtils.swift */ = {isa = PBXFileReference; fileEncoding = 4; lastKnownFileType = sourcecode.swift; path = AdUtils.swift; sourceTree = "<group>"; };
		C086F9F722E57BBD002BF3F6 /* AdmobNativeAdViewForumdisplay.xib */ = {isa = PBXFileReference; fileEncoding = 4; lastKnownFileType = file.xib; path = AdmobNativeAdViewForumdisplay.xib; sourceTree = "<group>"; };
		C086F9F822E57BBD002BF3F6 /* AdViewRecycler.swift */ = {isa = PBXFileReference; fileEncoding = 4; lastKnownFileType = sourcecode.swift; path = AdViewRecycler.swift; sourceTree = "<group>"; };
		C086F9F922E57BBD002BF3F6 /* AdViewWrapperShowThreadCell.xib */ = {isa = PBXFileReference; fileEncoding = 4; lastKnownFileType = file.xib; path = AdViewWrapperShowThreadCell.xib; sourceTree = "<group>"; };
		C086F9FA22E57BBD002BF3F6 /* LoadAdTaskDelegate.swift */ = {isa = PBXFileReference; fileEncoding = 4; lastKnownFileType = sourcecode.swift; path = LoadAdTaskDelegate.swift; sourceTree = "<group>"; };
		C086F9FB22E57BBD002BF3F6 /* FbNativeAdViewFeatured.xib */ = {isa = PBXFileReference; fileEncoding = 4; lastKnownFileType = file.xib; path = FbNativeAdViewFeatured.xib; sourceTree = "<group>"; };
		C086F9FC22E57BBD002BF3F6 /* LoadCSATask.swift */ = {isa = PBXFileReference; fileEncoding = 4; lastKnownFileType = sourcecode.swift; path = LoadCSATask.swift; sourceTree = "<group>"; };
		C086F9FD22E57BBD002BF3F6 /* LoadFbInterstitialAdTask.swift */ = {isa = PBXFileReference; fileEncoding = 4; lastKnownFileType = sourcecode.swift; path = LoadFbInterstitialAdTask.swift; sourceTree = "<group>"; };
		C086F9FE22E57BBD002BF3F6 /* AdRecycler.swift */ = {isa = PBXFileReference; fileEncoding = 4; lastKnownFileType = sourcecode.swift; path = AdRecycler.swift; sourceTree = "<group>"; };
		C086F9FF22E57BBD002BF3F6 /* FBNativeAdView.swift */ = {isa = PBXFileReference; fileEncoding = 4; lastKnownFileType = sourcecode.swift; path = FBNativeAdView.swift; sourceTree = "<group>"; };
		C086FA0022E57BBE002BF3F6 /* InterstitialAdManager.swift */ = {isa = PBXFileReference; fileEncoding = 4; lastKnownFileType = sourcecode.swift; path = InterstitialAdManager.swift; sourceTree = "<group>"; };
		C086FA0122E57BBE002BF3F6 /* InterstitialAdListener.swift */ = {isa = PBXFileReference; fileEncoding = 4; lastKnownFileType = sourcecode.swift; path = InterstitialAdListener.swift; sourceTree = "<group>"; };
		C086FA0222E57BBE002BF3F6 /* AdViewCell.swift */ = {isa = PBXFileReference; fileEncoding = 4; lastKnownFileType = sourcecode.swift; path = AdViewCell.swift; sourceTree = "<group>"; };
		C086FA0322E57BBE002BF3F6 /* LoadAdTaskAdapter.swift */ = {isa = PBXFileReference; fileEncoding = 4; lastKnownFileType = sourcecode.swift; path = LoadAdTaskAdapter.swift; sourceTree = "<group>"; };
		C086FA0422E57BBE002BF3F6 /* LoadAdTask.swift */ = {isa = PBXFileReference; fileEncoding = 4; lastKnownFileType = sourcecode.swift; path = LoadAdTask.swift; sourceTree = "<group>"; };
		C086FA0522E57BBE002BF3F6 /* LoadDfpBannerAdTask.swift */ = {isa = PBXFileReference; fileEncoding = 4; lastKnownFileType = sourcecode.swift; path = LoadDfpBannerAdTask.swift; sourceTree = "<group>"; };
		C086FA2522E57BD1002BF3F6 /* XibView.swift */ = {isa = PBXFileReference; fileEncoding = 4; lastKnownFileType = sourcecode.swift; path = XibView.swift; sourceTree = "<group>"; };
		C086FA2722E57BDA002BF3F6 /* UIView+Extension.swift */ = {isa = PBXFileReference; fileEncoding = 4; lastKnownFileType = sourcecode.swift; path = "UIView+Extension.swift"; sourceTree = "<group>"; };
		C09E481622E5713B00BF37B6 /* iOSCommon.framework */ = {isa = PBXFileReference; explicitFileType = wrapper.framework; includeInIndex = 0; path = iOSCommon.framework; sourceTree = BUILT_PRODUCTS_DIR; };
		C09E481922E5713B00BF37B6 /* iOSCommon.h */ = {isa = PBXFileReference; lastKnownFileType = sourcecode.c.h; path = iOSCommon.h; sourceTree = "<group>"; };
		C09E481A22E5713B00BF37B6 /* Info.plist */ = {isa = PBXFileReference; lastKnownFileType = text.plist.xml; path = Info.plist; sourceTree = "<group>"; };
		C09E481F22E5713B00BF37B6 /* iOSCommonTests.xctest */ = {isa = PBXFileReference; explicitFileType = wrapper.cfbundle; includeInIndex = 0; path = iOSCommonTests.xctest; sourceTree = BUILT_PRODUCTS_DIR; };
		C09E482422E5713B00BF37B6 /* iOSCommonTests.swift */ = {isa = PBXFileReference; lastKnownFileType = sourcecode.swift; path = iOSCommonTests.swift; sourceTree = "<group>"; };
		C09E482622E5713B00BF37B6 /* Info.plist */ = {isa = PBXFileReference; lastKnownFileType = text.plist.xml; path = Info.plist; sourceTree = "<group>"; };
/* End PBXFileReference section */

/* Begin PBXFrameworksBuildPhase section */
		C09E481322E5713B00BF37B6 /* Frameworks */ = {
			isa = PBXFrameworksBuildPhase;
			buildActionMask = 2147483647;
			files = (
				F1169D9E6DA9C7C3BEFB76B3 /* Pods_iOSCommon.framework in Frameworks */,
			);
			runOnlyForDeploymentPostprocessing = 0;
		};
		C09E481C22E5713B00BF37B6 /* Frameworks */ = {
			isa = PBXFrameworksBuildPhase;
			buildActionMask = 2147483647;
			files = (
				C09E482022E5713B00BF37B6 /* iOSCommon.framework in Frameworks */,
			);
			runOnlyForDeploymentPostprocessing = 0;
		};
/* End PBXFrameworksBuildPhase section */

/* Begin PBXGroup section */
		BD76B127C405E173FB5D1ACE /* Pods */ = {
			isa = PBXGroup;
			children = (
				58D3B83298FA2CEBAFCFECAE /* Pods-iOSCommon.debug.xcconfig */,
				B0A8FFEA2C114B9B4D8C7843 /* Pods-iOSCommon.release.xcconfig */,
			);
			path = Pods;
			sourceTree = "<group>";
		};
		BDC17D08F78C243364B20FC8 /* Frameworks */ = {
			isa = PBXGroup;
			children = (
				7940830095FF903CE9368274 /* Pods_iOSCommon.framework */,
			);
			name = Frameworks;
			sourceTree = "<group>";
		};
		C086F9E022E57AC8002BF3F6 /* UI */ = {
			isa = PBXGroup;
			children = (
				C086FA2522E57BD1002BF3F6 /* XibView.swift */,
			);
			path = UI;
			sourceTree = "<group>";
		};
		C086F9E322E57AFC002BF3F6 /* Extensions */ = {
			isa = PBXGroup;
			children = (
				C086FA2722E57BDA002BF3F6 /* UIView+Extension.swift */,
			);
			path = Extensions;
			sourceTree = "<group>";
		};
		C086F9E622E57BAA002BF3F6 /* Ads */ = {
			isa = PBXGroup;
			children = (
				C086F9ED22E57BBD002BF3F6 /* AdCompat.swift */,
				C086F9F322E57BBD002BF3F6 /* AdmobNativeAdView.swift */,
				C086F9F222E57BBD002BF3F6 /* AdmobNativeAdViewFeatured.xib */,
				C086F9F722E57BBD002BF3F6 /* AdmobNativeAdViewForumdisplay.xib */,
				C086F9F522E57BBD002BF3F6 /* AdmobNativeAdViewShowThread.xib */,
				C086F9FE22E57BBD002BF3F6 /* AdRecycler.swift */,
				C086F9F422E57BBD002BF3F6 /* AdType.swift */,
				C086F9F622E57BBD002BF3F6 /* AdUtils.swift */,
				C086FA0222E57BBE002BF3F6 /* AdViewCell.swift */,
				C086F9E722E57BBC002BF3F6 /* AdViewCell.xib */,
				C086F9F822E57BBD002BF3F6 /* AdViewRecycler.swift */,
				C086F9E822E57BBC002BF3F6 /* AdViewWrapperFeaturedCell.xib */,
				C086F9F922E57BBD002BF3F6 /* AdViewWrapperShowThreadCell.xib */,
				C086F9FF22E57BBD002BF3F6 /* FBNativeAdView.swift */,
				C086F9FB22E57BBD002BF3F6 /* FbNativeAdViewFeatured.xib */,
				C086F9EC22E57BBD002BF3F6 /* FbNativeAdViewShowThread.xib */,
				C086F9EA22E57BBD002BF3F6 /* FBNativeBannerAdView.xib */,
				C086FA0122E57BBE002BF3F6 /* InterstitialAdListener.swift */,
				C086FA0022E57BBE002BF3F6 /* InterstitialAdManager.swift */,
				C086F9EB22E57BBD002BF3F6 /* InterstitialAdType.swift */,
				C086F9F122E57BBD002BF3F6 /* LoadAdMobInterstitialAdTask.swift */,
				C086F9E922E57BBD002BF3F6 /* LoadAdmobNativeAdvTask.swift */,
				C086FA0422E57BBE002BF3F6 /* LoadAdTask.swift */,
				C086FA0322E57BBE002BF3F6 /* LoadAdTaskAdapter.swift */,
				C086F9FA22E57BBD002BF3F6 /* LoadAdTaskDelegate.swift */,
				C086F9FC22E57BBD002BF3F6 /* LoadCSATask.swift */,
				C086FA0522E57BBE002BF3F6 /* LoadDfpBannerAdTask.swift */,
				C086F9EE22E57BBD002BF3F6 /* LoadDfpInterstitialAdTask.swift */,
				C086F9FD22E57BBD002BF3F6 /* LoadFbInterstitialAdTask.swift */,
				C086F9F022E57BBD002BF3F6 /* LoadFbNativeAdTask.swift */,
				C086F9EF22E57BBD002BF3F6 /* LoadInterstitialAdTask.swift */,
			);
			path = Ads;
			sourceTree = "<group>";
		};
		C09E480C22E5713A00BF37B6 = {
			isa = PBXGroup;
			children = (
				C09E481822E5713B00BF37B6 /* iOSCommon */,
				C09E482322E5713B00BF37B6 /* iOSCommonTests */,
				C09E481722E5713B00BF37B6 /* Products */,
				BD76B127C405E173FB5D1ACE /* Pods */,
				BDC17D08F78C243364B20FC8 /* Frameworks */,
			);
			sourceTree = "<group>";
		};
		C09E481722E5713B00BF37B6 /* Products */ = {
			isa = PBXGroup;
			children = (
				C09E481622E5713B00BF37B6 /* iOSCommon.framework */,
				C09E481F22E5713B00BF37B6 /* iOSCommonTests.xctest */,
			);
			name = Products;
			sourceTree = "<group>";
		};
		C09E481822E5713B00BF37B6 /* iOSCommon */ = {
			isa = PBXGroup;
			children = (
				C086F9E622E57BAA002BF3F6 /* Ads */,
				C086F9E322E57AFC002BF3F6 /* Extensions */,
				C086F9E022E57AC8002BF3F6 /* UI */,
				C09E481922E5713B00BF37B6 /* iOSCommon.h */,
				C09E481A22E5713B00BF37B6 /* Info.plist */,
			);
			path = iOSCommon;
			sourceTree = "<group>";
		};
		C09E482322E5713B00BF37B6 /* iOSCommonTests */ = {
			isa = PBXGroup;
			children = (
				C09E482422E5713B00BF37B6 /* iOSCommonTests.swift */,
				C09E482622E5713B00BF37B6 /* Info.plist */,
			);
			path = iOSCommonTests;
			sourceTree = "<group>";
		};
/* End PBXGroup section */

/* Begin PBXHeadersBuildPhase section */
		C09E481122E5713B00BF37B6 /* Headers */ = {
			isa = PBXHeadersBuildPhase;
			buildActionMask = 2147483647;
			files = (
				C09E482722E5713B00BF37B6 /* iOSCommon.h in Headers */,
			);
			runOnlyForDeploymentPostprocessing = 0;
		};
/* End PBXHeadersBuildPhase section */

/* Begin PBXNativeTarget section */
		C09E481522E5713B00BF37B6 /* iOSCommon */ = {
			isa = PBXNativeTarget;
			buildConfigurationList = C09E482A22E5713B00BF37B6 /* Build configuration list for PBXNativeTarget "iOSCommon" */;
			buildPhases = (
				A2F7B82DA07329FF65F77118 /* [CP] Check Pods Manifest.lock */,
				C09E481122E5713B00BF37B6 /* Headers */,
				C09E481222E5713B00BF37B6 /* Sources */,
				C09E481322E5713B00BF37B6 /* Frameworks */,
				C09E481422E5713B00BF37B6 /* Resources */,
			);
			buildRules = (
			);
			dependencies = (
			);
			name = iOSCommon;
			productName = iOSCommon;
			productReference = C09E481622E5713B00BF37B6 /* iOSCommon.framework */;
			productType = "com.apple.product-type.framework";
		};
		C09E481E22E5713B00BF37B6 /* iOSCommonTests */ = {
			isa = PBXNativeTarget;
			buildConfigurationList = C09E482D22E5713B00BF37B6 /* Build configuration list for PBXNativeTarget "iOSCommonTests" */;
			buildPhases = (
				C09E481B22E5713B00BF37B6 /* Sources */,
				C09E481C22E5713B00BF37B6 /* Frameworks */,
				C09E481D22E5713B00BF37B6 /* Resources */,
			);
			buildRules = (
			);
			dependencies = (
				C09E482222E5713B00BF37B6 /* PBXTargetDependency */,
			);
			name = iOSCommonTests;
			productName = iOSCommonTests;
			productReference = C09E481F22E5713B00BF37B6 /* iOSCommonTests.xctest */;
			productType = "com.apple.product-type.bundle.unit-test";
		};
/* End PBXNativeTarget section */

/* Begin PBXProject section */
		C09E480D22E5713A00BF37B6 /* Project object */ = {
			isa = PBXProject;
			attributes = {
				LastSwiftUpdateCheck = 1020;
				LastUpgradeCheck = 1020;
				ORGANIZATIONNAME = YUHO;
				TargetAttributes = {
					C09E481522E5713B00BF37B6 = {
						CreatedOnToolsVersion = 10.2.1;
						LastSwiftMigration = 1020;
					};
					C09E481E22E5713B00BF37B6 = {
						CreatedOnToolsVersion = 10.2.1;
					};
				};
			};
			buildConfigurationList = C09E481022E5713A00BF37B6 /* Build configuration list for PBXProject "iOSCommon" */;
			compatibilityVersion = "Xcode 9.3";
			developmentRegion = en;
			hasScannedForEncodings = 0;
			knownRegions = (
				en,
			);
			mainGroup = C09E480C22E5713A00BF37B6;
			productRefGroup = C09E481722E5713B00BF37B6 /* Products */;
			projectDirPath = "";
			projectRoot = "";
			targets = (
				C09E481522E5713B00BF37B6 /* iOSCommon */,
				C09E481E22E5713B00BF37B6 /* iOSCommonTests */,
			);
		};
/* End PBXProject section */

/* Begin PBXResourcesBuildPhase section */
		C09E481422E5713B00BF37B6 /* Resources */ = {
			isa = PBXResourcesBuildPhase;
			buildActionMask = 2147483647;
			files = (
				C086FA1122E57BBE002BF3F6 /* AdmobNativeAdViewFeatured.xib in Resources */,
				C086FA0622E57BBE002BF3F6 /* AdViewCell.xib in Resources */,
				C086FA1822E57BBE002BF3F6 /* AdViewWrapperShowThreadCell.xib in Resources */,
				C086FA0B22E57BBE002BF3F6 /* FbNativeAdViewShowThread.xib in Resources */,
				C086FA1422E57BBE002BF3F6 /* AdmobNativeAdViewShowThread.xib in Resources */,
				C086FA1A22E57BBE002BF3F6 /* FbNativeAdViewFeatured.xib in Resources */,
				C086FA1622E57BBE002BF3F6 /* AdmobNativeAdViewForumdisplay.xib in Resources */,
				C086FA0722E57BBE002BF3F6 /* AdViewWrapperFeaturedCell.xib in Resources */,
				C086FA0922E57BBE002BF3F6 /* FBNativeBannerAdView.xib in Resources */,
			);
			runOnlyForDeploymentPostprocessing = 0;
		};
		C09E481D22E5713B00BF37B6 /* Resources */ = {
			isa = PBXResourcesBuildPhase;
			buildActionMask = 2147483647;
			files = (
			);
			runOnlyForDeploymentPostprocessing = 0;
		};
/* End PBXResourcesBuildPhase section */

/* Begin PBXShellScriptBuildPhase section */
		A2F7B82DA07329FF65F77118 /* [CP] Check Pods Manifest.lock */ = {
			isa = PBXShellScriptBuildPhase;
			buildActionMask = 2147483647;
			files = (
			);
			inputFileListPaths = (
			);
			inputPaths = (
				"${PODS_PODFILE_DIR_PATH}/Podfile.lock",
				"${PODS_ROOT}/Manifest.lock",
			);
			name = "[CP] Check Pods Manifest.lock";
			outputFileListPaths = (
			);
			outputPaths = (
				"$(DERIVED_FILE_DIR)/Pods-iOSCommon-checkManifestLockResult.txt",
			);
			runOnlyForDeploymentPostprocessing = 0;
			shellPath = /bin/sh;
			shellScript = "diff \"${PODS_PODFILE_DIR_PATH}/Podfile.lock\" \"${PODS_ROOT}/Manifest.lock\" > /dev/null\nif [ $? != 0 ] ; then\n    # print error to STDERR\n    echo \"error: The sandbox is not in sync with the Podfile.lock. Run 'pod install' or update your CocoaPods installation.\" >&2\n    exit 1\nfi\n# This output is used by Xcode 'outputs' to avoid re-running this script phase.\necho \"SUCCESS\" > \"${SCRIPT_OUTPUT_FILE_0}\"\n";
			showEnvVarsInLog = 0;
		};
/* End PBXShellScriptBuildPhase section */

/* Begin PBXSourcesBuildPhase section */
		C09E481222E5713B00BF37B6 /* Sources */ = {
			isa = PBXSourcesBuildPhase;
			buildActionMask = 2147483647;
			files = (
				C086FA1022E57BBE002BF3F6 /* LoadAdMobInterstitialAdTask.swift in Sources */,
				C086FA0F22E57BBE002BF3F6 /* LoadFbNativeAdTask.swift in Sources */,
				C086FA0D22E57BBE002BF3F6 /* LoadDfpInterstitialAdTask.swift in Sources */,
				C086FA1322E57BBE002BF3F6 /* AdType.swift in Sources */,
				C086FA0E22E57BBE002BF3F6 /* LoadInterstitialAdTask.swift in Sources */,
				C086FA1B22E57BBE002BF3F6 /* LoadCSATask.swift in Sources */,
				C086FA1222E57BBE002BF3F6 /* AdmobNativeAdView.swift in Sources */,
				C086FA1922E57BBE002BF3F6 /* LoadAdTaskDelegate.swift in Sources */,
				C086FA0A22E57BBE002BF3F6 /* InterstitialAdType.swift in Sources */,
				C086FA2622E57BD2002BF3F6 /* XibView.swift in Sources */,
				C086FA1722E57BBE002BF3F6 /* AdViewRecycler.swift in Sources */,
				C086FA2422E57BBE002BF3F6 /* LoadDfpBannerAdTask.swift in Sources */,
				C086FA2322E57BBE002BF3F6 /* LoadAdTask.swift in Sources */,
				C086FA0822E57BBE002BF3F6 /* LoadAdmobNativeAdvTask.swift in Sources */,
				C086FA2122E57BBE002BF3F6 /* AdViewCell.swift in Sources */,
				C086FA1522E57BBE002BF3F6 /* AdUtils.swift in Sources */,
				C086FA0C22E57BBE002BF3F6 /* AdCompat.swift in Sources */,
				C086FA1C22E57BBE002BF3F6 /* LoadFbInterstitialAdTask.swift in Sources */,
				C086FA2822E57BDA002BF3F6 /* UIView+Extension.swift in Sources */,
				C086FA2222E57BBE002BF3F6 /* LoadAdTaskAdapter.swift in Sources */,
				C086FA2022E57BBE002BF3F6 /* InterstitialAdListener.swift in Sources */,
				C086FA1F22E57BBE002BF3F6 /* InterstitialAdManager.swift in Sources */,
				C086FA1E22E57BBE002BF3F6 /* FBNativeAdView.swift in Sources */,
				C086FA1D22E57BBE002BF3F6 /* AdRecycler.swift in Sources */,
			);
			runOnlyForDeploymentPostprocessing = 0;
		};
		C09E481B22E5713B00BF37B6 /* Sources */ = {
			isa = PBXSourcesBuildPhase;
			buildActionMask = 2147483647;
			files = (
				C09E482522E5713B00BF37B6 /* iOSCommonTests.swift in Sources */,
			);
			runOnlyForDeploymentPostprocessing = 0;
		};
/* End PBXSourcesBuildPhase section */

/* Begin PBXTargetDependency section */
		C09E482222E5713B00BF37B6 /* PBXTargetDependency */ = {
			isa = PBXTargetDependency;
			target = C09E481522E5713B00BF37B6 /* iOSCommon */;
			targetProxy = C09E482122E5713B00BF37B6 /* PBXContainerItemProxy */;
		};
/* End PBXTargetDependency section */

/* Begin XCBuildConfiguration section */
		C09E482822E5713B00BF37B6 /* Debug */ = {
			isa = XCBuildConfiguration;
			buildSettings = {
				ALWAYS_SEARCH_USER_PATHS = NO;
				CLANG_ANALYZER_NONNULL = YES;
				CLANG_ANALYZER_NUMBER_OBJECT_CONVERSION = YES_AGGRESSIVE;
				CLANG_CXX_LANGUAGE_STANDARD = "gnu++14";
				CLANG_CXX_LIBRARY = "libc++";
				CLANG_ENABLE_MODULES = YES;
				CLANG_ENABLE_OBJC_ARC = YES;
				CLANG_ENABLE_OBJC_WEAK = YES;
				CLANG_WARN_BLOCK_CAPTURE_AUTORELEASING = YES;
				CLANG_WARN_BOOL_CONVERSION = YES;
				CLANG_WARN_COMMA = YES;
				CLANG_WARN_CONSTANT_CONVERSION = YES;
				CLANG_WARN_DEPRECATED_OBJC_IMPLEMENTATIONS = YES;
				CLANG_WARN_DIRECT_OBJC_ISA_USAGE = YES_ERROR;
				CLANG_WARN_DOCUMENTATION_COMMENTS = YES;
				CLANG_WARN_EMPTY_BODY = YES;
				CLANG_WARN_ENUM_CONVERSION = YES;
				CLANG_WARN_INFINITE_RECURSION = YES;
				CLANG_WARN_INT_CONVERSION = YES;
				CLANG_WARN_NON_LITERAL_NULL_CONVERSION = YES;
				CLANG_WARN_OBJC_IMPLICIT_RETAIN_SELF = YES;
				CLANG_WARN_OBJC_LITERAL_CONVERSION = YES;
				CLANG_WARN_OBJC_ROOT_CLASS = YES_ERROR;
				CLANG_WARN_RANGE_LOOP_ANALYSIS = YES;
				CLANG_WARN_STRICT_PROTOTYPES = YES;
				CLANG_WARN_SUSPICIOUS_MOVE = YES;
				CLANG_WARN_UNGUARDED_AVAILABILITY = YES_AGGRESSIVE;
				CLANG_WARN_UNREACHABLE_CODE = YES;
				CLANG_WARN__DUPLICATE_METHOD_MATCH = YES;
				CODE_SIGN_IDENTITY = "iPhone Developer";
				COPY_PHASE_STRIP = NO;
				CURRENT_PROJECT_VERSION = 1;
				DEBUG_INFORMATION_FORMAT = dwarf;
				ENABLE_STRICT_OBJC_MSGSEND = YES;
				ENABLE_TESTABILITY = YES;
				GCC_C_LANGUAGE_STANDARD = gnu11;
				GCC_DYNAMIC_NO_PIC = NO;
				GCC_NO_COMMON_BLOCKS = YES;
				GCC_OPTIMIZATION_LEVEL = 0;
				GCC_PREPROCESSOR_DEFINITIONS = (
					"DEBUG=1",
					"$(inherited)",
				);
				GCC_WARN_64_TO_32_BIT_CONVERSION = YES;
				GCC_WARN_ABOUT_RETURN_TYPE = YES_ERROR;
				GCC_WARN_UNDECLARED_SELECTOR = YES;
				GCC_WARN_UNINITIALIZED_AUTOS = YES_AGGRESSIVE;
				GCC_WARN_UNUSED_FUNCTION = YES;
				GCC_WARN_UNUSED_VARIABLE = YES;
				IPHONEOS_DEPLOYMENT_TARGET = 12.2;
				MTL_ENABLE_DEBUG_INFO = INCLUDE_SOURCE;
				MTL_FAST_MATH = YES;
				ONLY_ACTIVE_ARCH = YES;
				SDKROOT = iphoneos;
				SWIFT_ACTIVE_COMPILATION_CONDITIONS = DEBUG;
				SWIFT_OPTIMIZATION_LEVEL = "-Onone";
				VERSIONING_SYSTEM = "apple-generic";
				VERSION_INFO_PREFIX = "";
			};
			name = Debug;
		};
		C09E482922E5713B00BF37B6 /* Release */ = {
			isa = XCBuildConfiguration;
			buildSettings = {
				ALWAYS_SEARCH_USER_PATHS = NO;
				CLANG_ANALYZER_NONNULL = YES;
				CLANG_ANALYZER_NUMBER_OBJECT_CONVERSION = YES_AGGRESSIVE;
				CLANG_CXX_LANGUAGE_STANDARD = "gnu++14";
				CLANG_CXX_LIBRARY = "libc++";
				CLANG_ENABLE_MODULES = YES;
				CLANG_ENABLE_OBJC_ARC = YES;
				CLANG_ENABLE_OBJC_WEAK = YES;
				CLANG_WARN_BLOCK_CAPTURE_AUTORELEASING = YES;
				CLANG_WARN_BOOL_CONVERSION = YES;
				CLANG_WARN_COMMA = YES;
				CLANG_WARN_CONSTANT_CONVERSION = YES;
				CLANG_WARN_DEPRECATED_OBJC_IMPLEMENTATIONS = YES;
				CLANG_WARN_DIRECT_OBJC_ISA_USAGE = YES_ERROR;
				CLANG_WARN_DOCUMENTATION_COMMENTS = YES;
				CLANG_WARN_EMPTY_BODY = YES;
				CLANG_WARN_ENUM_CONVERSION = YES;
				CLANG_WARN_INFINITE_RECURSION = YES;
				CLANG_WARN_INT_CONVERSION = YES;
				CLANG_WARN_NON_LITERAL_NULL_CONVERSION = YES;
				CLANG_WARN_OBJC_IMPLICIT_RETAIN_SELF = YES;
				CLANG_WARN_OBJC_LITERAL_CONVERSION = YES;
				CLANG_WARN_OBJC_ROOT_CLASS = YES_ERROR;
				CLANG_WARN_RANGE_LOOP_ANALYSIS = YES;
				CLANG_WARN_STRICT_PROTOTYPES = YES;
				CLANG_WARN_SUSPICIOUS_MOVE = YES;
				CLANG_WARN_UNGUARDED_AVAILABILITY = YES_AGGRESSIVE;
				CLANG_WARN_UNREACHABLE_CODE = YES;
				CLANG_WARN__DUPLICATE_METHOD_MATCH = YES;
				CODE_SIGN_IDENTITY = "iPhone Developer";
				COPY_PHASE_STRIP = NO;
				CURRENT_PROJECT_VERSION = 1;
				DEBUG_INFORMATION_FORMAT = "dwarf-with-dsym";
				ENABLE_NS_ASSERTIONS = NO;
				ENABLE_STRICT_OBJC_MSGSEND = YES;
				GCC_C_LANGUAGE_STANDARD = gnu11;
				GCC_NO_COMMON_BLOCKS = YES;
				GCC_WARN_64_TO_32_BIT_CONVERSION = YES;
				GCC_WARN_ABOUT_RETURN_TYPE = YES_ERROR;
				GCC_WARN_UNDECLARED_SELECTOR = YES;
				GCC_WARN_UNINITIALIZED_AUTOS = YES_AGGRESSIVE;
				GCC_WARN_UNUSED_FUNCTION = YES;
				GCC_WARN_UNUSED_VARIABLE = YES;
				IPHONEOS_DEPLOYMENT_TARGET = 12.2;
				MTL_ENABLE_DEBUG_INFO = NO;
				MTL_FAST_MATH = YES;
				SDKROOT = iphoneos;
				SWIFT_COMPILATION_MODE = wholemodule;
				SWIFT_OPTIMIZATION_LEVEL = "-O";
				VALIDATE_PRODUCT = YES;
				VERSIONING_SYSTEM = "apple-generic";
				VERSION_INFO_PREFIX = "";
			};
			name = Release;
		};
		C09E482B22E5713B00BF37B6 /* Debug */ = {
			isa = XCBuildConfiguration;
			baseConfigurationReference = 58D3B83298FA2CEBAFCFECAE /* Pods-iOSCommon.debug.xcconfig */;
			buildSettings = {
				CLANG_ENABLE_MODULES = YES;
				CODE_SIGN_IDENTITY = "";
				CODE_SIGN_STYLE = Automatic;
				DEFINES_MODULE = YES;
				DEVELOPMENT_TEAM = 3TBEJ3RT4J;
				DYLIB_COMPATIBILITY_VERSION = 1;
				DYLIB_CURRENT_VERSION = 1;
				DYLIB_INSTALL_NAME_BASE = "@rpath";
				INFOPLIST_FILE = iOSCommon/Info.plist;
				INSTALL_PATH = "$(LOCAL_LIBRARY_DIR)/Frameworks";
				LD_RUNPATH_SEARCH_PATHS = (
					"$(inherited)",
					"@executable_path/Frameworks",
					"@loader_path/Frameworks",
				);
				PRODUCT_BUNDLE_IDENTIFIER = com.backpackers.iOSCommon;
				PRODUCT_NAME = "$(TARGET_NAME:c99extidentifier)";
				SKIP_INSTALL = YES;
				SWIFT_OPTIMIZATION_LEVEL = "-Onone";
				SWIFT_VERSION = 5.0;
				TARGETED_DEVICE_FAMILY = "1,2";
			};
			name = Debug;
		};
		C09E482C22E5713B00BF37B6 /* Release */ = {
			isa = XCBuildConfiguration;
			baseConfigurationReference = B0A8FFEA2C114B9B4D8C7843 /* Pods-iOSCommon.release.xcconfig */;
			buildSettings = {
				CLANG_ENABLE_MODULES = YES;
				CODE_SIGN_IDENTITY = "";
				CODE_SIGN_STYLE = Automatic;
				DEFINES_MODULE = YES;
				DEVELOPMENT_TEAM = 3TBEJ3RT4J;
				DYLIB_COMPATIBILITY_VERSION = 1;
				DYLIB_CURRENT_VERSION = 1;
				DYLIB_INSTALL_NAME_BASE = "@rpath";
				INFOPLIST_FILE = iOSCommon/Info.plist;
				INSTALL_PATH = "$(LOCAL_LIBRARY_DIR)/Frameworks";
				LD_RUNPATH_SEARCH_PATHS = (
					"$(inherited)",
					"@executable_path/Frameworks",
					"@loader_path/Frameworks",
				);
				PRODUCT_BUNDLE_IDENTIFIER = com.backpackers.iOSCommon;
				PRODUCT_NAME = "$(TARGET_NAME:c99extidentifier)";
				SKIP_INSTALL = YES;
				SWIFT_VERSION = 5.0;
				TARGETED_DEVICE_FAMILY = "1,2";
			};
			name = Release;
		};
		C09E482E22E5713B00BF37B6 /* Debug */ = {
			isa = XCBuildConfiguration;
			buildSettings = {
				ALWAYS_EMBED_SWIFT_STANDARD_LIBRARIES = YES;
				CODE_SIGN_STYLE = Automatic;
				DEVELOPMENT_TEAM = 3TBEJ3RT4J;
				INFOPLIST_FILE = iOSCommonTests/Info.plist;
				LD_RUNPATH_SEARCH_PATHS = (
					"$(inherited)",
					"@executable_path/Frameworks",
					"@loader_path/Frameworks",
				);
				PRODUCT_BUNDLE_IDENTIFIER = com.backpackers.iOSCommonTests;
				PRODUCT_NAME = "$(TARGET_NAME)";
				SWIFT_VERSION = 5.0;
				TARGETED_DEVICE_FAMILY = "1,2";
			};
			name = Debug;
		};
		C09E482F22E5713B00BF37B6 /* Release */ = {
			isa = XCBuildConfiguration;
			buildSettings = {
				ALWAYS_EMBED_SWIFT_STANDARD_LIBRARIES = YES;
				CODE_SIGN_STYLE = Automatic;
				DEVELOPMENT_TEAM = 3TBEJ3RT4J;
				INFOPLIST_FILE = iOSCommonTests/Info.plist;
				LD_RUNPATH_SEARCH_PATHS = (
					"$(inherited)",
					"@executable_path/Frameworks",
					"@loader_path/Frameworks",
				);
				PRODUCT_BUNDLE_IDENTIFIER = com.backpackers.iOSCommonTests;
				PRODUCT_NAME = "$(TARGET_NAME)";
				SWIFT_VERSION = 5.0;
				TARGETED_DEVICE_FAMILY = "1,2";
			};
			name = Release;
		};
/* End XCBuildConfiguration section */

/* Begin XCConfigurationList section */
		C09E481022E5713A00BF37B6 /* Build configuration list for PBXProject "iOSCommon" */ = {
			isa = XCConfigurationList;
			buildConfigurations = (
				C09E482822E5713B00BF37B6 /* Debug */,
				C09E482922E5713B00BF37B6 /* Release */,
			);
			defaultConfigurationIsVisible = 0;
			defaultConfigurationName = Release;
		};
		C09E482A22E5713B00BF37B6 /* Build configuration list for PBXNativeTarget "iOSCommon" */ = {
			isa = XCConfigurationList;
			buildConfigurations = (
				C09E482B22E5713B00BF37B6 /* Debug */,
				C09E482C22E5713B00BF37B6 /* Release */,
			);
			defaultConfigurationIsVisible = 0;
			defaultConfigurationName = Release;
		};
		C09E482D22E5713B00BF37B6 /* Build configuration list for PBXNativeTarget "iOSCommonTests" */ = {
			isa = XCConfigurationList;
			buildConfigurations = (
				C09E482E22E5713B00BF37B6 /* Debug */,
				C09E482F22E5713B00BF37B6 /* Release */,
			);
			defaultConfigurationIsVisible = 0;
			defaultConfigurationName = Release;
		};
/* End XCConfigurationList section */
	};
	rootObject = C09E480D22E5713A00BF37B6 /* Project object */;
}
